// !$*UTF8*$!
{
	archiveVersion = 1;
	classes = {
	};
	objectVersion = 50;
	objects = {

/* Begin PBXBuildFile section */
		89A9D61220E7A22100DC3EF8 /* AppDelegate.swift in Sources */ = {isa = PBXBuildFile; fileRef = 89A9D61120E7A22100DC3EF8 /* AppDelegate.swift */; };
		89A9D61420E7A22100DC3EF8 /* ViewController.swift in Sources */ = {isa = PBXBuildFile; fileRef = 89A9D61320E7A22100DC3EF8 /* ViewController.swift */; };
		89A9D61720E7A22100DC3EF8 /* Main.storyboard in Resources */ = {isa = PBXBuildFile; fileRef = 89A9D61520E7A22100DC3EF8 /* Main.storyboard */; };
		89A9D61920E7A22200DC3EF8 /* Assets.xcassets in Resources */ = {isa = PBXBuildFile; fileRef = 89A9D61820E7A22200DC3EF8 /* Assets.xcassets */; };
		89A9D61C20E7A22200DC3EF8 /* LaunchScreen.storyboard in Resources */ = {isa = PBXBuildFile; fileRef = 89A9D61A20E7A22200DC3EF8 /* LaunchScreen.storyboard */; };
		89A9D62420E7A3CA00DC3EF8 /* player.swift in Sources */ = {isa = PBXBuildFile; fileRef = 89A9D62320E7A3CA00DC3EF8 /* player.swift */; };
		89A9D62620E7AD3D00DC3EF8 /* customTableViewCell.swift in Sources */ = {isa = PBXBuildFile; fileRef = 89A9D62520E7AD3D00DC3EF8 /* customTableViewCell.swift */; };
/* End PBXBuildFile section */

/* Begin PBXFileReference section */
		89A9D60E20E7A22100DC3EF8 /* TVWithClass.app */ = {isa = PBXFileReference; explicitFileType = wrapper.application; includeInIndex = 0; path = TVWithClass.app; sourceTree = BUILT_PRODUCTS_DIR; };
		89A9D61120E7A22100DC3EF8 /* AppDelegate.swift */ = {isa = PBXFileReference; lastKnownFileType = sourcecode.swift; path = AppDelegate.swift; sourceTree = "<group>"; };
		89A9D61320E7A22100DC3EF8 /* ViewController.swift */ = {isa = PBXFileReference; lastKnownFileType = sourcecode.swift; path = ViewController.swift; sourceTree = "<group>"; };
		89A9D61620E7A22100DC3EF8 /* Base */ = {isa = PBXFileReference; lastKnownFileType = file.storyboard; name = Base; path = Base.lproj/Main.storyboard; sourceTree = "<group>"; };
		89A9D61820E7A22200DC3EF8 /* Assets.xcassets */ = {isa = PBXFileReference; lastKnownFileType = folder.assetcatalog; path = Assets.xcassets; sourceTree = "<group>"; };
		89A9D61B20E7A22200DC3EF8 /* Base */ = {isa = PBXFileReference; lastKnownFileType = file.storyboard; name = Base; path = Base.lproj/LaunchScreen.storyboard; sourceTree = "<group>"; };
		89A9D61D20E7A22200DC3EF8 /* Info.plist */ = {isa = PBXFileReference; lastKnownFileType = text.plist.xml; path = Info.plist; sourceTree = "<group>"; };
		89A9D62320E7A3CA00DC3EF8 /* player.swift */ = {isa = PBXFileReference; lastKnownFileType = sourcecode.swift; path = player.swift; sourceTree = "<group>"; };
		89A9D62520E7AD3D00DC3EF8 /* customTableViewCell.swift */ = {isa = PBXFileReference; lastKnownFileType = sourcecode.swift; path = customTableViewCell.swift; sourceTree = "<group>"; };
/* End PBXFileReference section */

/* Begin PBXFrameworksBuildPhase section */
		89A9D60B20E7A22100DC3EF8 /* Frameworks */ = {
			isa = PBXFrameworksBuildPhase;
			buildActionMask = 2147483647;
			files = (
			);
			runOnlyForDeploymentPostprocessing = 0;
		};
/* End PBXFrameworksBuildPhase section */

/* Begin PBXGroup section */
		89A9D60520E7A22100DC3EF8 = {
			isa = PBXGroup;
			children = (
				89A9D61020E7A22100DC3EF8 /* TVWithClass */,
				89A9D60F20E7A22100DC3EF8 /* Products */,
			);
			sourceTree = "<group>";
		};
		89A9D60F20E7A22100DC3EF8 /* Products */ = {
			isa = PBXGroup;
			children = (
				89A9D60E20E7A22100DC3EF8 /* TVWithClass.app */,
			);
			name = Products;
			sourceTree = "<group>";
		};
		89A9D61020E7A22100DC3EF8 /* TVWithClass */ = {
			isa = PBXGroup;
			children = (
				89A9D61120E7A22100DC3EF8 /* AppDelegate.swift */,
				89A9D61320E7A22100DC3EF8 /* ViewController.swift */,
				89A9D61520E7A22100DC3EF8 /* Main.storyboard */,
				89A9D62320E7A3CA00DC3EF8 /* player.swift */,
				89A9D62520E7AD3D00DC3EF8 /* customTableViewCell.swift */,
				89A9D61820E7A22200DC3EF8 /* Assets.xcassets */,
				89A9D61A20E7A22200DC3EF8 /* LaunchScreen.storyboard */,
				89A9D61D20E7A22200DC3EF8 /* Info.plist */,
			);
			path = TVWithClass;
			sourceTree = "<group>";
		};
/* End PBXGroup section */

/* Begin PBXNativeTarget section */
		89A9D60D20E7A22100DC3EF8 /* TVWithClass */ = {
			isa = PBXNativeTarget;
			buildConfigurationList = 89A9D62020E7A22200DC3EF8 /* Build configuration list for PBXNativeTarget "TVWithClass" */;
			buildPhases = (
				89A9D60A20E7A22100DC3EF8 /* Sources */,
				89A9D60B20E7A22100DC3EF8 /* Frameworks */,
				89A9D60C20E7A22100DC3EF8 /* Resources */,
			);
			buildRules = (
			);
			dependencies = (
			);
			name = TVWithClass;
			productName = TVWithClass;
			productReference = 89A9D60E20E7A22100DC3EF8 /* TVWithClass.app */;
			productType = "com.apple.product-type.application";
		};
/* End PBXNativeTarget section */

/* Begin PBXProject section */
		89A9D60620E7A22100DC3EF8 /* Project object */ = {
			isa = PBXProject;
			attributes = {
				LastSwiftUpdateCheck = 1000;
				LastUpgradeCheck = 1000;
				ORGANIZATIONNAME = "Dilip Kumar";
				TargetAttributes = {
					89A9D60D20E7A22100DC3EF8 = {
						CreatedOnToolsVersion = 10.0;
					};
				};
			};
			buildConfigurationList = 89A9D60920E7A22100DC3EF8 /* Build configuration list for PBXProject "TVWithClass" */;
			compatibilityVersion = "Xcode 9.3";
			developmentRegion = en;
			hasScannedForEncodings = 0;
			knownRegions = (
				en,
				Base,
			);
			mainGroup = 89A9D60520E7A22100DC3EF8;
			productRefGroup = 89A9D60F20E7A22100DC3EF8 /* Products */;
			projectDirPath = "";
			projectRoot = "";
			targets = (
				89A9D60D20E7A22100DC3EF8 /* TVWithClass */,
			);
		};
/* End PBXProject section */

/* Begin PBXResourcesBuildPhase section */
		89A9D60C20E7A22100DC3EF8 /* Resources */ = {
			isa = PBXResourcesBuildPhase;
			buildActionMask = 2147483647;
			files = (
				89A9D61C20E7A22200DC3EF8 /* LaunchScreen.storyboard in Resources */,
				89A9D61920E7A22200DC3EF8 /* Assets.xcassets in Resources */,
				89A9D61720E7A22100DC3EF8 /* Main.storyboard in Resources */,
			);
			runOnlyForDeploymentPostprocessing = 0;
		};
/* End PBXResourcesBuildPhase section */

/* Begin PBXSourcesBuildPhase section */
		89A9D60A20E7A22100DC3EF8 /* Sources */ = {
			isa = PBXSourcesBuildPhase;
			buildActionMask = 2147483647;
			files = (
				89A9D61420E7A22100DC3EF8 /* ViewController.swift in Sources */,
				89A9D62420E7A3CA00DC3EF8 /* player.swift in Sources */,
				89A9D62620E7AD3D00DC3EF8 /* customTableViewCell.swift in Sources */,
				89A9D61220E7A22100DC3EF8 /* AppDelegate.swift in Sources */,
			);
			runOnlyForDeploymentPostprocessing = 0;
		};
/* End PBXSourcesBuildPhase section */

/* Begin PBXVariantGroup section */
		89A9D61520E7A22100DC3EF8 /* Main.storyboard */ = {
			isa = PBXVariantGroup;
			children = (
				89A9D61620E7A22100DC3EF8 /* Base */,
			);
			name = Main.storyboard;
			sourceTree = "<group>";
		};
		89A9D61A20E7A22200DC3EF8 /* LaunchScreen.storyboard */ = {
			isa = PBXVariantGroup;
			children = (
				89A9D61B20E7A22200DC3EF8 /* Base */,
			);
			name = LaunchScreen.storyboard;
			sourceTree = "<group>";
		};
/* End PBXVariantGroup section */

/* Begin XCBuildConfiguration section */
		89A9D61E20E7A22200DC3EF8 /* Debug */ = {
			isa = XCBuildConfiguration;
			buildSettings = {
				ALWAYS_SEARCH_USER_PATHS = NO;
				CLANG_ANALYZER_NONNULL = YES;
				CLANG_ANALYZER_NUMBER_OBJECT_CONVERSION = YES_AGGRESSIVE;
				CLANG_CXX_LANGUAGE_STANDARD = "gnu++14";
				CLANG_CXX_LIBRARY = "libc++";
				CLANG_ENABLE_MODULES = YES;
				CLANG_ENABLE_OBJC_ARC = YES;
				CLANG_ENABLE_OBJC_WEAK = YES;
				CLANG_WARN_BLOCK_CAPTURE_AUTORELEASING = YES;
				CLANG_WARN_BOOL_CONVERSION = YES;
				CLANG_WARN_COMMA = YES;
				CLANG_WARN_CONSTANT_CONVERSION = YES;
				CLANG_WARN_DEPRECATED_OBJC_IMPLEMENTATIONS = YES;
				CLANG_WARN_DIRECT_OBJC_ISA_USAGE = YES_ERROR;
				CLANG_WARN_DOCUMENTATION_COMMENTS = YES;
				CLANG_WARN_EMPTY_BODY = YES;
				CLANG_WARN_ENUM_CONVERSION = YES;
				CLANG_WARN_INFINITE_RECURSION = YES;
				CLANG_WARN_INT_CONVERSION = YES;
				CLANG_WARN_NON_LITERAL_NULL_CONVERSION = YES;
				CLANG_WARN_OBJC_IMPLICIT_RETAIN_SELF = YES;
				CLANG_WARN_OBJC_LITERAL_CONVERSION = YES;
				CLANG_WARN_OBJC_ROOT_CLASS = YES_ERROR;
				CLANG_WARN_RANGE_LOOP_ANALYSIS = YES;
				CLANG_WARN_STRICT_PROTOTYPES = YES;
				CLANG_WARN_SUSPICIOUS_MOVE = YES;
				CLANG_WARN_UNGUARDED_AVAILABILITY = YES_AGGRESSIVE;
				CLANG_WARN_UNREACHABLE_CODE = YES;
				CLANG_WARN__DUPLICATE_METHOD_MATCH = YES;
				CODE_SIGN_IDENTITY = "iPhone Developer";
				COPY_PHASE_STRIP = NO;
				DEBUG_INFORMATION_FORMAT = dwarf;
				ENABLE_STRICT_OBJC_MSGSEND = YES;
				ENABLE_TESTABILITY = YES;
				GCC_C_LANGUAGE_STANDARD = gnu11;
				GCC_DYNAMIC_NO_PIC = NO;
				GCC_NO_COMMON_BLOCKS = YES;
				GCC_OPTIMIZATION_LEVEL = 0;
				GCC_PREPROCESSOR_DEFINITIONS = (
					"DEBUG=1",
					"$(inherited)",
				);
				GCC_WARN_64_TO_32_BIT_CONVERSION = YES;
				GCC_WARN_ABOUT_RETURN_TYPE = YES_ERROR;
				GCC_WARN_UNDECLARED_SELECTOR = YES;
				GCC_WARN_UNINITIALIZED_AUTOS = YES_AGGRESSIVE;
				GCC_WARN_UNUSED_FUNCTION = YES;
				GCC_WARN_UNUSED_VARIABLE = YES;
				IPHONEOS_DEPLOYMENT_TARGET = 12.0;
				MTL_ENABLE_DEBUG_INFO = INCLUDE_SOURCE;
				ONLY_ACTIVE_ARCH = YES;
				SDKROOT = iphoneos;
				SWIFT_ACTIVE_COMPILATION_CONDITIONS = DEBUG;
				SWIFT_OPTIMIZATION_LEVEL = "-Onone";
			};
			name = Debug;
		};
		89A9D61F20E7A22200DC3EF8 /* Release */ = {
			isa = XCBuildConfiguration;
			buildSettings = {
				ALWAYS_SEARCH_USER_PATHS = NO;
				CLANG_ANALYZER_NONNULL = YES;
				CLANG_ANALYZER_NUMBER_OBJECT_CONVERSION = YES_AGGRESSIVE;
				CLANG_CXX_LANGUAGE_STANDARD = "gnu++14";
				CLANG_CXX_LIBRARY = "libc++";
				CLANG_ENABLE_MODULES = YES;
				CLANG_ENABLE_OBJC_ARC = YES;
				CLANG_ENABLE_OBJC_WEAK = YES;
				CLANG_WARN_BLOCK_CAPTURE_AUTORELEASING = YES;
				CLANG_WARN_BOOL_CONVERSION = YES;
				CLANG_WARN_COMMA = YES;
				CLANG_WARN_CONSTANT_CONVERSION = YES;
				CLANG_WARN_DEPRECATED_OBJC_IMPLEMENTATIONS = YES;
				CLANG_WARN_DIRECT_OBJC_ISA_USAGE = YES_ERROR;
				CLANG_WARN_DOCUMENTATION_COMMENTS = YES;
				CLANG_WARN_EMPTY_BODY = YES;
				CLANG_WARN_ENUM_CONVERSION = YES;
				CLANG_WARN_INFINITE_RECURSION = YES;
				CLANG_WARN_INT_CONVERSION = YES;
				CLANG_WARN_NON_LITERAL_NULL_CONVERSION = YES;
				CLANG_WARN_OBJC_IMPLICIT_RETAIN_SELF = YES;
				CLANG_WARN_OBJC_LITERAL_CONVERSION = YES;
				CLANG_WARN_OBJC_ROOT_CLASS = YES_ERROR;
				CLANG_WARN_RANGE_LOOP_ANALYSIS = YES;
				CLANG_WARN_STRICT_PROTOTYPES = YES;
				CLANG_WARN_SUSPICIOUS_MOVE = YES;
				CLANG_WARN_UNGUARDED_AVAILABILITY = YES_AGGRESSIVE;
				CLANG_WARN_UNREACHABLE_CODE = YES;
				CLANG_WARN__DUPLICATE_METHOD_MATCH = YES;
				CODE_SIGN_IDENTITY = "iPhone Developer";
				COPY_PHASE_STRIP = NO;
				DEBUG_INFORMATION_FORMAT = "dwarf-with-dsym";
				ENABLE_NS_ASSERTIONS = NO;
				ENABLE_STRICT_OBJC_MSGSEND = YES;
				GCC_C_LANGUAGE_STANDARD = gnu11;
				GCC_NO_COMMON_BLOCKS = YES;
				GCC_WARN_64_TO_32_BIT_CONVERSION = YES;
				GCC_WARN_ABOUT_RETURN_TYPE = YES_ERROR;
				GCC_WARN_UNDECLARED_SELECTOR = YES;
				GCC_WARN_UNINITIALIZED_AUTOS = YES_AGGRESSIVE;
				GCC_WARN_UNUSED_FUNCTION = YES;
				GCC_WARN_UNUSED_VARIABLE = YES;
				IPHONEOS_DEPLOYMENT_TARGET = 12.0;
				MTL_ENABLE_DEBUG_INFO = NO;
				SDKROOT = iphoneos;
				SWIFT_COMPILATION_MODE = wholemodule;
				SWIFT_OPTIMIZATION_LEVEL = "-O";
				VALIDATE_PRODUCT = YES;
			};
			name = Release;
		};
		89A9D62120E7A22200DC3EF8 /* Debug */ = {
			isa = XCBuildConfiguration;
			buildSettings = {
				ASSETCATALOG_COMPILER_APPICON_NAME = AppIcon;
				CODE_SIGN_STYLE = Automatic;
				DEVELOPMENT_TEAM = J6GC8L5SW4;
				INFOPLIST_FILE = TVWithClass/Info.plist;
				IPHONEOS_DEPLOYMENT_TARGET = 11.4;
				LD_RUNPATH_SEARCH_PATHS = (
					"$(inherited)",
					"@executable_path/Frameworks",
				);
				PRODUCT_BUNDLE_IDENTIFIER = dilipTilonia.TVWithClass;
				PRODUCT_NAME = "$(TARGET_NAME)";
				SWIFT_VERSION = 4.2;
				TARGETED_DEVICE_FAMILY = "1,2";
			};
			name = Debug;
		};
		89A9D62220E7A22200DC3EF8 /* Release */ = {
			isa = XCBuildConfiguration;
			buildSettings = {
				ASSETCATALOG_COMPILER_APPICON_NAME = AppIcon;
				CODE_SIGN_STYLE = Automatic;
				DEVELOPMENT_TEAM = J6GC8L5SW4;
				INFOPLIST_FILE = TVWithClass/Info.plist;
				IPHONEOS_DEPLOYMENT_TARGET = 11.4;
				LD_RUNPATH_SEARCH_PATHS = (
					"$(inherited)",
					"@executable_path/Frameworks",
				);
				PRODUCT_BUNDLE_IDENTIFIER = dilipTilonia.TVWithClass;
				PRODUCT_NAME = "$(TARGET_NAME)";
				SWIFT_VERSION = 4.2;
				TARGETED_DEVICE_FAMILY = "1,2";
			};
			name = Release;
		};
/* End XCBuildConfiguration section */

/* Begin XCConfigurationList section */
		89A9D60920E7A22100DC3EF8 /* Build configuration list for PBXProject "TVWithClass" */ = {
			isa = XCConfigurationList;
			buildConfigurations = (
				89A9D61E20E7A22200DC3EF8 /* Debug */,
				89A9D61F20E7A22200DC3EF8 /* Release */,
			);
			defaultConfigurationIsVisible = 0;
			defaultConfigurationName = Release;
		};
		89A9D62020E7A22200DC3EF8 /* Build configuration list for PBXNativeTarget "TVWithClass" */ = {
			isa = XCConfigurationList;
			buildConfigurations = (
				89A9D62120E7A22200DC3EF8 /* Debug */,
				89A9D62220E7A22200DC3EF8 /* Release */,
			);
			defaultConfigurationIsVisible = 0;
			defaultConfigurationName = Release;
		};
/* End XCConfigurationList section */
	};
	rootObject = 89A9D60620E7A22100DC3EF8 /* Project object */;
}
